// !$*UTF8*$!
{
	archiveVersion = 1;
	classes = {
	};
	objectVersion = 56;
	objects = {

/* Begin PBXBuildFile section */
		104B2C092A5554A50066FCA1 /* URL.swift in Sources */ = {isa = PBXBuildFile; fileRef = 104B2C082A5554A50066FCA1 /* URL.swift */; };
		104B2C0B2A5FF3650066FCA1 /* NewsAPIKey.swift in Sources */ = {isa = PBXBuildFile; fileRef = 104B2C0A2A5FF3650066FCA1 /* NewsAPIKey.swift */; };
		10B27C432A4AD856001347E4 /* String.swift in Sources */ = {isa = PBXBuildFile; fileRef = 10B27C422A4AD856001347E4 /* String.swift */; };
		10CC4D082A3B572800F64B7A /* AppEntry.swift in Sources */ = {isa = PBXBuildFile; fileRef = 10CC4D072A3B572800F64B7A /* AppEntry.swift */; };
		10CC4D0A2A3B572800F64B7A /* HomeScreen.swift in Sources */ = {isa = PBXBuildFile; fileRef = 10CC4D092A3B572800F64B7A /* HomeScreen.swift */; };
		10CC4D0C2A3B572900F64B7A /* Assets.xcassets in Resources */ = {isa = PBXBuildFile; fileRef = 10CC4D0B2A3B572900F64B7A /* Assets.xcassets */; };
		10CC4D0F2A3B572900F64B7A /* Preview Assets.xcassets in Resources */ = {isa = PBXBuildFile; fileRef = 10CC4D0E2A3B572900F64B7A /* Preview Assets.xcassets */; };
		10CC4D192A41858600F64B7A /* SettingView.swift in Sources */ = {isa = PBXBuildFile; fileRef = 10CC4D182A41858600F64B7A /* SettingView.swift */; };
		10CC4D1B2A418A7000F64B7A /* NewsView.swift in Sources */ = {isa = PBXBuildFile; fileRef = 10CC4D1A2A418A7000F64B7A /* NewsView.swift */; };
		10CC4D1D2A4195B800F64B7A /* NewsItem.swift in Sources */ = {isa = PBXBuildFile; fileRef = 10CC4D1C2A4195B800F64B7A /* NewsItem.swift */; };
		10CC4D1F2A4196D000F64B7A /* NewsManager.swift in Sources */ = {isa = PBXBuildFile; fileRef = 10CC4D1E2A4196D000F64B7A /* NewsManager.swift */; };
		10CC4D222A419EF300F64B7A /* URLSession.swift in Sources */ = {isa = PBXBuildFile; fileRef = 10CC4D212A419EF300F64B7A /* URLSession.swift */; };
		10CC4D242A41E3EA00F64B7A /* ArticleView.swift in Sources */ = {isa = PBXBuildFile; fileRef = 10CC4D232A41E3EA00F64B7A /* ArticleView.swift */; };
		10CC4D2C2A42C7EB00F64B7A /* NewsAppTests.swift in Sources */ = {isa = PBXBuildFile; fileRef = 10CC4D2B2A42C7EB00F64B7A /* NewsAppTests.swift */; };
		10CC4D332A42C92400F64B7A /* NewManager+Stub.swift in Sources */ = {isa = PBXBuildFile; fileRef = 10CC4D322A42C92400F64B7A /* NewManager+Stub.swift */; };
		10E512B42A542A6A00DB7B5E /* SafariWebView.swift in Sources */ = {isa = PBXBuildFile; fileRef = 10E512B32A542A6A00DB7B5E /* SafariWebView.swift */; };
		10F1E58D2A53F3C800195C1D /* WebView.swift in Sources */ = {isa = PBXBuildFile; fileRef = 10F1E58C2A53F3C800195C1D /* WebView.swift */; };
/* End PBXBuildFile section */

/* Begin PBXContainerItemProxy section */
		10CC4D2D2A42C7EB00F64B7A /* PBXContainerItemProxy */ = {
			isa = PBXContainerItemProxy;
			containerPortal = 10CC4CFC2A3B572800F64B7A /* Project object */;
			proxyType = 1;
			remoteGlobalIDString = 10CC4D032A3B572800F64B7A;
			remoteInfo = NewsApp;
		};
/* End PBXContainerItemProxy section */

/* Begin PBXFileReference section */
		104B2C082A5554A50066FCA1 /* URL.swift */ = {isa = PBXFileReference; lastKnownFileType = sourcecode.swift; path = URL.swift; sourceTree = "<group>"; };
		104B2C0A2A5FF3650066FCA1 /* NewsAPIKey.swift */ = {isa = PBXFileReference; lastKnownFileType = sourcecode.swift; path = NewsAPIKey.swift; sourceTree = "<group>"; };
		10B27C422A4AD856001347E4 /* String.swift */ = {isa = PBXFileReference; lastKnownFileType = sourcecode.swift; path = String.swift; sourceTree = "<group>"; };
		10CC4D042A3B572800F64B7A /* NewsApp.app */ = {isa = PBXFileReference; explicitFileType = wrapper.application; includeInIndex = 0; path = NewsApp.app; sourceTree = BUILT_PRODUCTS_DIR; };
		10CC4D072A3B572800F64B7A /* AppEntry.swift */ = {isa = PBXFileReference; lastKnownFileType = sourcecode.swift; path = AppEntry.swift; sourceTree = "<group>"; };
		10CC4D092A3B572800F64B7A /* HomeScreen.swift */ = {isa = PBXFileReference; lastKnownFileType = sourcecode.swift; path = HomeScreen.swift; sourceTree = "<group>"; };
		10CC4D0B2A3B572900F64B7A /* Assets.xcassets */ = {isa = PBXFileReference; lastKnownFileType = folder.assetcatalog; path = Assets.xcassets; sourceTree = "<group>"; };
		10CC4D0E2A3B572900F64B7A /* Preview Assets.xcassets */ = {isa = PBXFileReference; lastKnownFileType = folder.assetcatalog; path = "Preview Assets.xcassets"; sourceTree = "<group>"; };
		10CC4D182A41858600F64B7A /* SettingView.swift */ = {isa = PBXFileReference; lastKnownFileType = sourcecode.swift; path = SettingView.swift; sourceTree = "<group>"; };
		10CC4D1A2A418A7000F64B7A /* NewsView.swift */ = {isa = PBXFileReference; lastKnownFileType = sourcecode.swift; path = NewsView.swift; sourceTree = "<group>"; tabWidth = 4; usesTabs = 0; };
		10CC4D1C2A4195B800F64B7A /* NewsItem.swift */ = {isa = PBXFileReference; lastKnownFileType = sourcecode.swift; path = NewsItem.swift; sourceTree = "<group>"; };
		10CC4D1E2A4196D000F64B7A /* NewsManager.swift */ = {isa = PBXFileReference; lastKnownFileType = sourcecode.swift; path = NewsManager.swift; sourceTree = "<group>"; };
		10CC4D212A419EF300F64B7A /* URLSession.swift */ = {isa = PBXFileReference; lastKnownFileType = sourcecode.swift; path = URLSession.swift; sourceTree = "<group>"; };
		10CC4D232A41E3EA00F64B7A /* ArticleView.swift */ = {isa = PBXFileReference; lastKnownFileType = sourcecode.swift; path = ArticleView.swift; sourceTree = "<group>"; };
		10CC4D292A42C7EB00F64B7A /* NewsAppTests.xctest */ = {isa = PBXFileReference; explicitFileType = wrapper.cfbundle; includeInIndex = 0; path = NewsAppTests.xctest; sourceTree = BUILT_PRODUCTS_DIR; };
		10CC4D2B2A42C7EB00F64B7A /* NewsAppTests.swift */ = {isa = PBXFileReference; lastKnownFileType = sourcecode.swift; path = NewsAppTests.swift; sourceTree = "<group>"; };
		10CC4D322A42C92400F64B7A /* NewManager+Stub.swift */ = {isa = PBXFileReference; lastKnownFileType = sourcecode.swift; path = "NewManager+Stub.swift"; sourceTree = "<group>"; };
		10E512B32A542A6A00DB7B5E /* SafariWebView.swift */ = {isa = PBXFileReference; lastKnownFileType = sourcecode.swift; path = SafariWebView.swift; sourceTree = "<group>"; };
		10F1E58C2A53F3C800195C1D /* WebView.swift */ = {isa = PBXFileReference; lastKnownFileType = sourcecode.swift; path = WebView.swift; sourceTree = "<group>"; };
/* End PBXFileReference section */

/* Begin PBXFrameworksBuildPhase section */
		10CC4D012A3B572800F64B7A /* Frameworks */ = {
			isa = PBXFrameworksBuildPhase;
			buildActionMask = 2147483647;
			files = (
			);
			runOnlyForDeploymentPostprocessing = 0;
		};
		10CC4D262A42C7EB00F64B7A /* Frameworks */ = {
			isa = PBXFrameworksBuildPhase;
			buildActionMask = 2147483647;
			files = (
			);
			runOnlyForDeploymentPostprocessing = 0;
		};
/* End PBXFrameworksBuildPhase section */

/* Begin PBXGroup section */
		10CC4CFB2A3B572800F64B7A = {
			isa = PBXGroup;
			children = (
				10CC4D062A3B572800F64B7A /* NewsApp */,
				10CC4D2A2A42C7EB00F64B7A /* NewsAppTests */,
				10CC4D052A3B572800F64B7A /* Products */,
			);
			sourceTree = "<group>";
		};
		10CC4D052A3B572800F64B7A /* Products */ = {
			isa = PBXGroup;
			children = (
				10CC4D042A3B572800F64B7A /* NewsApp.app */,
				10CC4D292A42C7EB00F64B7A /* NewsAppTests.xctest */,
			);
			name = Products;
			sourceTree = "<group>";
		};
		10CC4D062A3B572800F64B7A /* NewsApp */ = {
			isa = PBXGroup;
			children = (
				10CC4D202A41971100F64B7A /* Extension */,
				10CC4D172A3B575E00F64B7A /* ViewModel */,
				10CC4D162A3B574B00F64B7A /* Model */,
				10CC4D152A3B574300F64B7A /* View */,
				10CC4D072A3B572800F64B7A /* AppEntry.swift */,
				10CC4D092A3B572800F64B7A /* HomeScreen.swift */,
				10CC4D0B2A3B572900F64B7A /* Assets.xcassets */,
				104B2C0A2A5FF3650066FCA1 /* NewsAPIKey.swift */,
				10CC4D0D2A3B572900F64B7A /* Preview Content */,
			);
			path = NewsApp;
			sourceTree = "<group>";
		};
		10CC4D0D2A3B572900F64B7A /* Preview Content */ = {
			isa = PBXGroup;
			children = (
				10CC4D0E2A3B572900F64B7A /* Preview Assets.xcassets */,
			);
			path = "Preview Content";
			sourceTree = "<group>";
		};
		10CC4D152A3B574300F64B7A /* View */ = {
			isa = PBXGroup;
			children = (
				10CC4D182A41858600F64B7A /* SettingView.swift */,
				10CC4D1A2A418A7000F64B7A /* NewsView.swift */,
				10CC4D232A41E3EA00F64B7A /* ArticleView.swift */,
				10F1E58C2A53F3C800195C1D /* WebView.swift */,
				10E512B32A542A6A00DB7B5E /* SafariWebView.swift */,
			);
			path = View;
			sourceTree = "<group>";
		};
		10CC4D162A3B574B00F64B7A /* Model */ = {
			isa = PBXGroup;
			children = (
				10CC4D1C2A4195B800F64B7A /* NewsItem.swift */,
			);
			path = Model;
			sourceTree = "<group>";
		};
		10CC4D172A3B575E00F64B7A /* ViewModel */ = {
			isa = PBXGroup;
			children = (
				10CC4D1E2A4196D000F64B7A /* NewsManager.swift */,
				10CC4D322A42C92400F64B7A /* NewManager+Stub.swift */,
			);
			path = ViewModel;
			sourceTree = "<group>";
		};
		10CC4D202A41971100F64B7A /* Extension */ = {
			isa = PBXGroup;
			children = (
				10CC4D212A419EF300F64B7A /* URLSession.swift */,
				10B27C422A4AD856001347E4 /* String.swift */,
				104B2C082A5554A50066FCA1 /* URL.swift */,
			);
			path = Extension;
			sourceTree = "<group>";
		};
		10CC4D2A2A42C7EB00F64B7A /* NewsAppTests */ = {
			isa = PBXGroup;
			children = (
				10CC4D2B2A42C7EB00F64B7A /* NewsAppTests.swift */,
			);
			path = NewsAppTests;
			sourceTree = "<group>";
		};
/* End PBXGroup section */

/* Begin PBXNativeTarget section */
		10CC4D032A3B572800F64B7A /* NewsApp */ = {
			isa = PBXNativeTarget;
			buildConfigurationList = 10CC4D122A3B572900F64B7A /* Build configuration list for PBXNativeTarget "NewsApp" */;
			buildPhases = (
				10CC4D002A3B572800F64B7A /* Sources */,
				10CC4D012A3B572800F64B7A /* Frameworks */,
				10CC4D022A3B572800F64B7A /* Resources */,
			);
			buildRules = (
			);
			dependencies = (
			);
			name = NewsApp;
			productName = NewsApp;
			productReference = 10CC4D042A3B572800F64B7A /* NewsApp.app */;
			productType = "com.apple.product-type.application";
		};
		10CC4D282A42C7EB00F64B7A /* NewsAppTests */ = {
			isa = PBXNativeTarget;
			buildConfigurationList = 10CC4D2F2A42C7EB00F64B7A /* Build configuration list for PBXNativeTarget "NewsAppTests" */;
			buildPhases = (
				10CC4D252A42C7EB00F64B7A /* Sources */,
				10CC4D262A42C7EB00F64B7A /* Frameworks */,
				10CC4D272A42C7EB00F64B7A /* Resources */,
			);
			buildRules = (
			);
			dependencies = (
				10CC4D2E2A42C7EB00F64B7A /* PBXTargetDependency */,
			);
			name = NewsAppTests;
			productName = NewsAppTests;
			productReference = 10CC4D292A42C7EB00F64B7A /* NewsAppTests.xctest */;
			productType = "com.apple.product-type.bundle.unit-test";
		};
/* End PBXNativeTarget section */

/* Begin PBXProject section */
		10CC4CFC2A3B572800F64B7A /* Project object */ = {
			isa = PBXProject;
			attributes = {
				BuildIndependentTargetsInParallel = 1;
				LastSwiftUpdateCheck = 1430;
				LastUpgradeCheck = 1430;
				TargetAttributes = {
					10CC4D032A3B572800F64B7A = {
						CreatedOnToolsVersion = 14.3;
					};
					10CC4D282A42C7EB00F64B7A = {
						CreatedOnToolsVersion = 14.3;
						TestTargetID = 10CC4D032A3B572800F64B7A;
					};
				};
			};
			buildConfigurationList = 10CC4CFF2A3B572800F64B7A /* Build configuration list for PBXProject "NewsApp" */;
			compatibilityVersion = "Xcode 14.0";
			developmentRegion = en;
			hasScannedForEncodings = 0;
			knownRegions = (
				en,
				Base,
			);
			mainGroup = 10CC4CFB2A3B572800F64B7A;
			productRefGroup = 10CC4D052A3B572800F64B7A /* Products */;
			projectDirPath = "";
			projectRoot = "";
			targets = (
				10CC4D032A3B572800F64B7A /* NewsApp */,
				10CC4D282A42C7EB00F64B7A /* NewsAppTests */,
			);
		};
/* End PBXProject section */

/* Begin PBXResourcesBuildPhase section */
		10CC4D022A3B572800F64B7A /* Resources */ = {
			isa = PBXResourcesBuildPhase;
			buildActionMask = 2147483647;
			files = (
				10CC4D0F2A3B572900F64B7A /* Preview Assets.xcassets in Resources */,
				10CC4D0C2A3B572900F64B7A /* Assets.xcassets in Resources */,
			);
			runOnlyForDeploymentPostprocessing = 0;
		};
		10CC4D272A42C7EB00F64B7A /* Resources */ = {
			isa = PBXResourcesBuildPhase;
			buildActionMask = 2147483647;
			files = (
			);
			runOnlyForDeploymentPostprocessing = 0;
		};
/* End PBXResourcesBuildPhase section */

/* Begin PBXSourcesBuildPhase section */
		10CC4D002A3B572800F64B7A /* Sources */ = {
			isa = PBXSourcesBuildPhase;
			buildActionMask = 2147483647;
			files = (
				10CC4D192A41858600F64B7A /* SettingView.swift in Sources */,
				10CC4D222A419EF300F64B7A /* URLSession.swift in Sources */,
				10B27C432A4AD856001347E4 /* String.swift in Sources */,
				10CC4D1D2A4195B800F64B7A /* NewsItem.swift in Sources */,
				10CC4D242A41E3EA00F64B7A /* ArticleView.swift in Sources */,
				104B2C0B2A5FF3650066FCA1 /* NewsAPIKey.swift in Sources */,
				104B2C092A5554A50066FCA1 /* URL.swift in Sources */,
				10E512B42A542A6A00DB7B5E /* SafariWebView.swift in Sources */,
				10CC4D1B2A418A7000F64B7A /* NewsView.swift in Sources */,
				10CC4D0A2A3B572800F64B7A /* HomeScreen.swift in Sources */,
				10CC4D1F2A4196D000F64B7A /* NewsManager.swift in Sources */,
				10CC4D332A42C92400F64B7A /* NewManager+Stub.swift in Sources */,
				10CC4D082A3B572800F64B7A /* AppEntry.swift in Sources */,
				10F1E58D2A53F3C800195C1D /* WebView.swift in Sources */,
			);
			runOnlyForDeploymentPostprocessing = 0;
		};
		10CC4D252A42C7EB00F64B7A /* Sources */ = {
			isa = PBXSourcesBuildPhase;
			buildActionMask = 2147483647;
			files = (
				10CC4D2C2A42C7EB00F64B7A /* NewsAppTests.swift in Sources */,
			);
			runOnlyForDeploymentPostprocessing = 0;
		};
/* End PBXSourcesBuildPhase section */

/* Begin PBXTargetDependency section */
		10CC4D2E2A42C7EB00F64B7A /* PBXTargetDependency */ = {
			isa = PBXTargetDependency;
			target = 10CC4D032A3B572800F64B7A /* NewsApp */;
			targetProxy = 10CC4D2D2A42C7EB00F64B7A /* PBXContainerItemProxy */;
		};
/* End PBXTargetDependency section */

/* Begin XCBuildConfiguration section */
		10CC4D102A3B572900F64B7A /* Debug */ = {
			isa = XCBuildConfiguration;
			buildSettings = {
				ALWAYS_SEARCH_USER_PATHS = NO;
				CLANG_ANALYZER_NONNULL = YES;
				CLANG_ANALYZER_NUMBER_OBJECT_CONVERSION = YES_AGGRESSIVE;
				CLANG_CXX_LANGUAGE_STANDARD = "gnu++20";
				CLANG_ENABLE_MODULES = YES;
				CLANG_ENABLE_OBJC_ARC = YES;
				CLANG_ENABLE_OBJC_WEAK = YES;
				CLANG_WARN_BLOCK_CAPTURE_AUTORELEASING = YES;
				CLANG_WARN_BOOL_CONVERSION = YES;
				CLANG_WARN_COMMA = YES;
				CLANG_WARN_CONSTANT_CONVERSION = YES;
				CLANG_WARN_DEPRECATED_OBJC_IMPLEMENTATIONS = YES;
				CLANG_WARN_DIRECT_OBJC_ISA_USAGE = YES_ERROR;
				CLANG_WARN_DOCUMENTATION_COMMENTS = YES;
				CLANG_WARN_EMPTY_BODY = YES;
				CLANG_WARN_ENUM_CONVERSION = YES;
				CLANG_WARN_INFINITE_RECURSION = YES;
				CLANG_WARN_INT_CONVERSION = YES;
				CLANG_WARN_NON_LITERAL_NULL_CONVERSION = YES;
				CLANG_WARN_OBJC_IMPLICIT_RETAIN_SELF = YES;
				CLANG_WARN_OBJC_LITERAL_CONVERSION = YES;
				CLANG_WARN_OBJC_ROOT_CLASS = YES_ERROR;
				CLANG_WARN_QUOTED_INCLUDE_IN_FRAMEWORK_HEADER = YES;
				CLANG_WARN_RANGE_LOOP_ANALYSIS = YES;
				CLANG_WARN_STRICT_PROTOTYPES = YES;
				CLANG_WARN_SUSPICIOUS_MOVE = YES;
				CLANG_WARN_UNGUARDED_AVAILABILITY = YES_AGGRESSIVE;
				CLANG_WARN_UNREACHABLE_CODE = YES;
				CLANG_WARN__DUPLICATE_METHOD_MATCH = YES;
				COPY_PHASE_STRIP = NO;
				DEBUG_INFORMATION_FORMAT = dwarf;
				ENABLE_STRICT_OBJC_MSGSEND = YES;
				ENABLE_TESTABILITY = YES;
				GCC_C_LANGUAGE_STANDARD = gnu11;
				GCC_DYNAMIC_NO_PIC = NO;
				GCC_NO_COMMON_BLOCKS = YES;
				GCC_OPTIMIZATION_LEVEL = 0;
				GCC_PREPROCESSOR_DEFINITIONS = (
					"DEBUG=1",
					"$(inherited)",
				);
				GCC_WARN_64_TO_32_BIT_CONVERSION = YES;
				GCC_WARN_ABOUT_RETURN_TYPE = YES_ERROR;
				GCC_WARN_UNDECLARED_SELECTOR = YES;
				GCC_WARN_UNINITIALIZED_AUTOS = YES_AGGRESSIVE;
				GCC_WARN_UNUSED_FUNCTION = YES;
				GCC_WARN_UNUSED_VARIABLE = YES;
				IPHONEOS_DEPLOYMENT_TARGET = 16.4;
				MTL_ENABLE_DEBUG_INFO = INCLUDE_SOURCE;
				MTL_FAST_MATH = YES;
				ONLY_ACTIVE_ARCH = YES;
				SDKROOT = iphoneos;
				SWIFT_ACTIVE_COMPILATION_CONDITIONS = DEBUG;
				SWIFT_OPTIMIZATION_LEVEL = "-Onone";
			};
			name = Debug;
		};
		10CC4D112A3B572900F64B7A /* Release */ = {
			isa = XCBuildConfiguration;
			buildSettings = {
				ALWAYS_SEARCH_USER_PATHS = NO;
				CLANG_ANALYZER_NONNULL = YES;
				CLANG_ANALYZER_NUMBER_OBJECT_CONVERSION = YES_AGGRESSIVE;
				CLANG_CXX_LANGUAGE_STANDARD = "gnu++20";
				CLANG_ENABLE_MODULES = YES;
				CLANG_ENABLE_OBJC_ARC = YES;
				CLANG_ENABLE_OBJC_WEAK = YES;
				CLANG_WARN_BLOCK_CAPTURE_AUTORELEASING = YES;
				CLANG_WARN_BOOL_CONVERSION = YES;
				CLANG_WARN_COMMA = YES;
				CLANG_WARN_CONSTANT_CONVERSION = YES;
				CLANG_WARN_DEPRECATED_OBJC_IMPLEMENTATIONS = YES;
				CLANG_WARN_DIRECT_OBJC_ISA_USAGE = YES_ERROR;
				CLANG_WARN_DOCUMENTATION_COMMENTS = YES;
				CLANG_WARN_EMPTY_BODY = YES;
				CLANG_WARN_ENUM_CONVERSION = YES;
				CLANG_WARN_INFINITE_RECURSION = YES;
				CLANG_WARN_INT_CONVERSION = YES;
				CLANG_WARN_NON_LITERAL_NULL_CONVERSION = YES;
				CLANG_WARN_OBJC_IMPLICIT_RETAIN_SELF = YES;
				CLANG_WARN_OBJC_LITERAL_CONVERSION = YES;
				CLANG_WARN_OBJC_ROOT_CLASS = YES_ERROR;
				CLANG_WARN_QUOTED_INCLUDE_IN_FRAMEWORK_HEADER = YES;
				CLANG_WARN_RANGE_LOOP_ANALYSIS = YES;
				CLANG_WARN_STRICT_PROTOTYPES = YES;
				CLANG_WARN_SUSPICIOUS_MOVE = YES;
				CLANG_WARN_UNGUARDED_AVAILABILITY = YES_AGGRESSIVE;
				CLANG_WARN_UNREACHABLE_CODE = YES;
				CLANG_WARN__DUPLICATE_METHOD_MATCH = YES;
				COPY_PHASE_STRIP = NO;
				DEBUG_INFORMATION_FORMAT = "dwarf-with-dsym";
				ENABLE_NS_ASSERTIONS = NO;
				ENABLE_STRICT_OBJC_MSGSEND = YES;
				GCC_C_LANGUAGE_STANDARD = gnu11;
				GCC_NO_COMMON_BLOCKS = YES;
				GCC_WARN_64_TO_32_BIT_CONVERSION = YES;
				GCC_WARN_ABOUT_RETURN_TYPE = YES_ERROR;
				GCC_WARN_UNDECLARED_SELECTOR = YES;
				GCC_WARN_UNINITIALIZED_AUTOS = YES_AGGRESSIVE;
				GCC_WARN_UNUSED_FUNCTION = YES;
				GCC_WARN_UNUSED_VARIABLE = YES;
				IPHONEOS_DEPLOYMENT_TARGET = 16.4;
				MTL_ENABLE_DEBUG_INFO = NO;
				MTL_FAST_MATH = YES;
				SDKROOT = iphoneos;
				SWIFT_COMPILATION_MODE = wholemodule;
				SWIFT_OPTIMIZATION_LEVEL = "-O";
				VALIDATE_PRODUCT = YES;
			};
			name = Release;
		};
		10CC4D132A3B572900F64B7A /* Debug */ = {
			isa = XCBuildConfiguration;
			buildSettings = {
				ASSETCATALOG_COMPILER_APPICON_NAME = AppIcon;
				ASSETCATALOG_COMPILER_GLOBAL_ACCENT_COLOR_NAME = AccentColor;
				CODE_SIGN_STYLE = Automatic;
				CURRENT_PROJECT_VERSION = 1;
				DEVELOPMENT_ASSET_PATHS = "\"NewsApp/Preview Content\"";
				DEVELOPMENT_TEAM = LQVW38952Z;
				ENABLE_PREVIEWS = YES;
				GENERATE_INFOPLIST_FILE = YES;
				INFOPLIST_KEY_UIApplicationSceneManifest_Generation = YES;
				INFOPLIST_KEY_UIApplicationSupportsIndirectInputEvents = YES;
				INFOPLIST_KEY_UILaunchScreen_Generation = YES;
				INFOPLIST_KEY_UISupportedInterfaceOrientations_iPad = "UIInterfaceOrientationPortrait UIInterfaceOrientationPortraitUpsideDown UIInterfaceOrientationLandscapeLeft UIInterfaceOrientationLandscapeRight";
				INFOPLIST_KEY_UISupportedInterfaceOrientations_iPhone = "UIInterfaceOrientationPortrait UIInterfaceOrientationLandscapeLeft UIInterfaceOrientationLandscapeRight";
				LD_RUNPATH_SEARCH_PATHS = (
					"$(inherited)",
					"@executable_path/Frameworks",
				);
				MARKETING_VERSION = 1.0;
				PRODUCT_BUNDLE_IDENTIFIER = com.Yao.NewsApp;
				PRODUCT_NAME = "$(TARGET_NAME)";
				SWIFT_EMIT_LOC_STRINGS = YES;
				SWIFT_VERSION = 5.0;
				TARGETED_DEVICE_FAMILY = "1,2";
			};
			name = Debug;
		};
		10CC4D142A3B572900F64B7A /* Release */ = {
			isa = XCBuildConfiguration;
			buildSettings = {
				ASSETCATALOG_COMPILER_APPICON_NAME = AppIcon;
				ASSETCATALOG_COMPILER_GLOBAL_ACCENT_COLOR_NAME = AccentColor;
				CODE_SIGN_STYLE = Automatic;
				CURRENT_PROJECT_VERSION = 1;
				DEVELOPMENT_ASSET_PATHS = "\"NewsApp/Preview Content\"";
				DEVELOPMENT_TEAM = LQVW38952Z;
				ENABLE_PREVIEWS = YES;
				GENERATE_INFOPLIST_FILE = YES;
				INFOPLIST_KEY_UIApplicationSceneManifest_Generation = YES;
				INFOPLIST_KEY_UIApplicationSupportsIndirectInputEvents = YES;
				INFOPLIST_KEY_UILaunchScreen_Generation = YES;
				INFOPLIST_KEY_UISupportedInterfaceOrientations_iPad = "UIInterfaceOrientationPortrait UIInterfaceOrientationPortraitUpsideDown UIInterfaceOrientationLandscapeLeft UIInterfaceOrientationLandscapeRight";
				INFOPLIST_KEY_UISupportedInterfaceOrientations_iPhone = "UIInterfaceOrientationPortrait UIInterfaceOrientationLandscapeLeft UIInterfaceOrientationLandscapeRight";
				LD_RUNPATH_SEARCH_PATHS = (
					"$(inherited)",
					"@executable_path/Frameworks",
				);
				MARKETING_VERSION = 1.0;
				PRODUCT_BUNDLE_IDENTIFIER = com.Yao.NewsApp;
				PRODUCT_NAME = "$(TARGET_NAME)";
				SWIFT_EMIT_LOC_STRINGS = YES;
				SWIFT_VERSION = 5.0;
				TARGETED_DEVICE_FAMILY = "1,2";
			};
			name = Release;
		};
		10CC4D302A42C7EB00F64B7A /* Debug */ = {
			isa = XCBuildConfiguration;
			buildSettings = {
				BUNDLE_LOADER = "$(TEST_HOST)";
				CODE_SIGN_STYLE = Automatic;
				CURRENT_PROJECT_VERSION = 1;
				DEVELOPMENT_TEAM = LQVW38952Z;
				GENERATE_INFOPLIST_FILE = YES;
				IPHONEOS_DEPLOYMENT_TARGET = 16.4;
				MACOSX_DEPLOYMENT_TARGET = 13.2;
				MARKETING_VERSION = 1.0;
				PRODUCT_BUNDLE_IDENTIFIER = com.Yao.NewsAppTests;
				PRODUCT_NAME = "$(TARGET_NAME)";
				SDKROOT = auto;
				SUPPORTED_PLATFORMS = "iphoneos iphonesimulator macosx";
				SWIFT_EMIT_LOC_STRINGS = NO;
				SWIFT_VERSION = 5.0;
				TARGETED_DEVICE_FAMILY = "1,2";
				TEST_HOST = "$(BUILT_PRODUCTS_DIR)/NewsApp.app/$(BUNDLE_EXECUTABLE_FOLDER_PATH)/NewsApp";
			};
			name = Debug;
		};
		10CC4D312A42C7EB00F64B7A /* Release */ = {
			isa = XCBuildConfiguration;
			buildSettings = {
				BUNDLE_LOADER = "$(TEST_HOST)";
				CODE_SIGN_STYLE = Automatic;
				CURRENT_PROJECT_VERSION = 1;
				DEVELOPMENT_TEAM = LQVW38952Z;
				GENERATE_INFOPLIST_FILE = YES;
				IPHONEOS_DEPLOYMENT_TARGET = 16.4;
				MACOSX_DEPLOYMENT_TARGET = 13.2;
				MARKETING_VERSION = 1.0;
				PRODUCT_BUNDLE_IDENTIFIER = com.Yao.NewsAppTests;
				PRODUCT_NAME = "$(TARGET_NAME)";
				SDKROOT = auto;
				SUPPORTED_PLATFORMS = "iphoneos iphonesimulator macosx";
				SWIFT_EMIT_LOC_STRINGS = NO;
				SWIFT_VERSION = 5.0;
				TARGETED_DEVICE_FAMILY = "1,2";
				TEST_HOST = "$(BUILT_PRODUCTS_DIR)/NewsApp.app/$(BUNDLE_EXECUTABLE_FOLDER_PATH)/NewsApp";
			};
			name = Release;
		};
/* End XCBuildConfiguration section */

/* Begin XCConfigurationList section */
		10CC4CFF2A3B572800F64B7A /* Build configuration list for PBXProject "NewsApp" */ = {
			isa = XCConfigurationList;
			buildConfigurations = (
				10CC4D102A3B572900F64B7A /* Debug */,
				10CC4D112A3B572900F64B7A /* Release */,
			);
			defaultConfigurationIsVisible = 0;
			defaultConfigurationName = Release;
		};
		10CC4D122A3B572900F64B7A /* Build configuration list for PBXNativeTarget "NewsApp" */ = {
			isa = XCConfigurationList;
			buildConfigurations = (
				10CC4D132A3B572900F64B7A /* Debug */,
				10CC4D142A3B572900F64B7A /* Release */,
			);
			defaultConfigurationIsVisible = 0;
			defaultConfigurationName = Release;
		};
		10CC4D2F2A42C7EB00F64B7A /* Build configuration list for PBXNativeTarget "NewsAppTests" */ = {
			isa = XCConfigurationList;
			buildConfigurations = (
				10CC4D302A42C7EB00F64B7A /* Debug */,
				10CC4D312A42C7EB00F64B7A /* Release */,
			);
			defaultConfigurationIsVisible = 0;
			defaultConfigurationName = Release;
		};
/* End XCConfigurationList section */
	};
	rootObject = 10CC4CFC2A3B572800F64B7A /* Project object */;
}
